
Microsoft Visual Studio Solution File, Format Version 12.00
# Visual Studio 15
VisualStudioVersion = 15.0.26430.16
MinimumVisualStudioVersion = 10.0.40219.1
Project("{8BC9CEB8-8B4A-11D0-8D11-00A0C91BC942}") = "bom", "bom\bom.vcxproj", "{8A4299DC-6D06-4AF8-B7D9-19F960253243}"
EndProject
Project("{8BC9CEB8-8B4A-11D0-8D11-00A0C91BC942}") = "dt", "dt\dt.vcxproj", "{583AC1EF-D4A4-4B79-8653-B6C3858DCA99}"
EndProject
Project("{8BC9CEB8-8B4A-11D0-8D11-00A0C91BC942}") = "putty_launcher_MFC", "putty_launcher_MFC\putty_launcher_MFC.vcxproj", "{77D651F8-2DEE-491C-9FD4-197C7E14D4D3}"
EndProject
Project("{8BC9CEB8-8B4A-11D0-8D11-00A0C91BC942}") = "turn-off-screen", "turn-off-screen\turn-off-screen.vcxproj", "{D4A6C034-DE0B-4B53-B9EF-828AE72C1AB3}"
EndProject
Project("{8BC9CEB8-8B4A-11D0-8D11-00A0C91BC942}") = "gpuz-shm-reader", "gpuz-shm-reader\gpuz-shm-reader.vcxproj", "{BB0F8330-CD67-4426-B117-D44A29AEC7D6}"
EndProject
Global
	GlobalSection(SolutionConfigurationPlatforms) = preSolution
		Debug|x64 = Debug|x64
		Debug|x86 = Debug|x86
		Release|x64 = Release|x64
		Release|x86 = Release|x86
	EndGlobalSection
	GlobalSection(ProjectConfigurationPlatforms) = postSolution
		{8A4299DC-6D06-4AF8-B7D9-19F960253243}.Debug|x64.ActiveCfg = Debug|x64
		{8A4299DC-6D06-4AF8-B7D9-19F960253243}.Debug|x64.Build.0 = Debug|x64
		{8A4299DC-6D06-4AF8-B7D9-19F960253243}.Debug|x86.ActiveCfg = Debug|Win32
		{8A4299DC-6D06-4AF8-B7D9-19F960253243}.Debug|x86.Build.0 = Debug|Win32
		{8A4299DC-6D06-4AF8-B7D9-19F960253243}.Release|x64.ActiveCfg = Release|x64
		{8A4299DC-6D06-4AF8-B7D9-19F960253243}.Release|x64.Build.0 = Release|x64
		{8A4299DC-6D06-4AF8-B7D9-19F960253243}.Release|x86.ActiveCfg = Release|Win32
		{8A4299DC-6D06-4AF8-B7D9-19F960253243}.Release|x86.Build.0 = Release|Win32
		{583AC1EF-D4A4-4B79-8653-B6C3858DCA99}.Debug|x64.ActiveCfg = Debug|x64
		{583AC1EF-D4A4-4B79-8653-B6C3858DCA99}.Debug|x64.Build.0 = Debug|x64
		{583AC1EF-D4A4-4B79-8653-B6C3858DCA99}.Debug|x86.ActiveCfg = Debug|Win32
		{583AC1EF-D4A4-4B79-8653-B6C3858DCA99}.Debug|x86.Build.0 = Debug|Win32
		{583AC1EF-D4A4-4B79-8653-B6C3858DCA99}.Release|x64.ActiveCfg = Release|x64
		{583AC1EF-D4A4-4B79-8653-B6C3858DCA99}.Release|x64.Build.0 = Release|x64
		{583AC1EF-D4A4-4B79-8653-B6C3858DCA99}.Release|x86.ActiveCfg = Release|Win32
		{583AC1EF-D4A4-4B79-8653-B6C3858DCA99}.Release|x86.Build.0 = Release|Win32
		{77D651F8-2DEE-491C-9FD4-197C7E14D4D3}.Debug|x64.ActiveCfg = Debug|x64
		{77D651F8-2DEE-491C-9FD4-197C7E14D4D3}.Debug|x64.Build.0 = Debug|x64
		{77D651F8-2DEE-491C-9FD4-197C7E14D4D3}.Debug|x86.ActiveCfg = Debug|Win32
		{77D651F8-2DEE-491C-9FD4-197C7E14D4D3}.Debug|x86.Build.0 = Debug|Win32
		{77D651F8-2DEE-491C-9FD4-197C7E14D4D3}.Release|x64.ActiveCfg = Release|x64
		{77D651F8-2DEE-491C-9FD4-197C7E14D4D3}.Release|x64.Build.0 = Release|x64
		{77D651F8-2DEE-491C-9FD4-197C7E14D4D3}.Release|x86.ActiveCfg = Release|Win32
		{77D651F8-2DEE-491C-9FD4-197C7E14D4D3}.Release|x86.Build.0 = Release|Win32
		{D4A6C034-DE0B-4B53-B9EF-828AE72C1AB3}.Debug|x64.ActiveCfg = Debug|x64
		{D4A6C034-DE0B-4B53-B9EF-828AE72C1AB3}.Debug|x64.Build.0 = Debug|x64
		{D4A6C034-DE0B-4B53-B9EF-828AE72C1AB3}.Debug|x86.ActiveCfg = Debug|Win32
		{D4A6C034-DE0B-4B53-B9EF-828AE72C1AB3}.Debug|x86.Build.0 = Debug|Win32
		{D4A6C034-DE0B-4B53-B9EF-828AE72C1AB3}.Release|x64.ActiveCfg = Release|x64
		{D4A6C034-DE0B-4B53-B9EF-828AE72C1AB3}.Release|x64.Build.0 = Release|x64
		{D4A6C034-DE0B-4B53-B9EF-828AE72C1AB3}.Release|x86.ActiveCfg = Release|Win32
		{D4A6C034-DE0B-4B53-B9EF-828AE72C1AB3}.Release|x86.Build.0 = Release|Win32
		{BB0F8330-CD67-4426-B117-D44A29AEC7D6}.Debug|x64.ActiveCfg = Debug|x64
		{BB0F8330-CD67-4426-B117-D44A29AEC7D6}.Debug|x64.Build.0 = Debug|x64
		{BB0F8330-CD67-4426-B117-D44A29AEC7D6}.Debug|x86.ActiveCfg = Debug|Win32
		{BB0F8330-CD67-4426-B117-D44A29AEC7D6}.Debug|x86.Build.0 = Debug|Win32
		{BB0F8330-CD67-4426-B117-D44A29AEC7D6}.Release|x64.ActiveCfg = Release|x64
		{BB0F8330-CD67-4426-B117-D44A29AEC7D6}.Release|x64.Build.0 = Release|x64
		{BB0F8330-CD67-4426-B117-D44A29AEC7D6}.Release|x86.ActiveCfg = Release|Win32
		{BB0F8330-CD67-4426-B117-D44A29AEC7D6}.Release|x86.Build.0 = Release|Win32
	EndGlobalSection
	GlobalSection(SolutionProperties) = preSolution
		HideSolutionNode = FALSE
	EndGlobalSection
	GlobalSection(ExtensibilityGlobals) = postSolution
		SolutionGuid = {0EB39181-C2C0-444B-8D1B-CBED3409C119}
	EndGlobalSection
EndGlobal
