
Microsoft Visual Studio Solution File, Format Version 12.00
# Visual Studio Version 16
VisualStudioVersion = 16.0.29201.188
MinimumVisualStudioVersion = 10.0.40219.1
Project("{8BC9CEB8-8B4A-11D0-8D11-00A0C91BC942}") = "bom", "bom\bom.vcxproj", "{8A4299DC-6D06-4AF8-B7D9-19F960253243}"
EndProject
Project("{8BC9CEB8-8B4A-11D0-8D11-00A0C91BC942}") = "dt", "dt\dt.vcxproj", "{583AC1EF-D4A4-4B79-8653-B6C3858DCA99}"
EndProject
Project("{8BC9CEB8-8B4A-11D0-8D11-00A0C91BC942}") = "putty_launcher_MFC", "putty_launcher_MFC\putty_launcher_MFC.vcxproj", "{77D651F8-2DEE-491C-9FD4-197C7E14D4D3}"
EndProject
Project("{8BC9CEB8-8B4A-11D0-8D11-00A0C91BC942}") = "turn-off-screen", "turn-off-screen\turn-off-screen.vcxproj", "{D4A6C034-DE0B-4B53-B9EF-828AE72C1AB3}"
EndProject
Project("{8BC9CEB8-8B4A-11D0-8D11-00A0C91BC942}") = "gpuz-shm-reader", "gpuz-shm-reader\gpuz-shm-reader.vcxproj", "{BB0F8330-CD67-4426-B117-D44A29AEC7D6}"
EndProject
Project("{8BC9CEB8-8B4A-11D0-8D11-00A0C91BC942}") = "md5", "md5\md5.vcxproj", "{C45A86C7-3AD2-4D11-B663-E250215624FE}"
EndProject
Project("{8BC9CEB8-8B4A-11D0-8D11-00A0C91BC942}") = "FileExplorerHelper", "FileExplorerHelper\FileExplorerHelper.vcxproj", "{62045AD1-A739-4D59-80CC-EC66D00E2077}"
EndProject
Project("{8BC9CEB8-8B4A-11D0-8D11-00A0C91BC942}") = "time", "time\time.vcxproj", "{1C2FAD0C-D5F4-4775-A432-DAEB469D2056}"
EndProject
Project("{8BC9CEB8-8B4A-11D0-8D11-00A0C91BC942}") = "fmd5", "fmd5\fmd5.vcxproj", "{4EC7FEB6-D9EE-4FD2-8CD9-7634BD8C448D}"
EndProject
Project("{8BC9CEB8-8B4A-11D0-8D11-00A0C91BC942}") = "HashTool", "HashTool\HashTool.vcxproj", "{B12702AD-ABFB-343A-A199-8E24837244A3}"
EndProject
Project("{8BC9CEB8-8B4A-11D0-8D11-00A0C91BC942}") = "pwdgen", "pwdgen\pwdgen.vcxproj", "{B97ACA14-B7E6-4705-9271-4704591CF0B1}"
EndProject
Project("{8BC9CEB8-8B4A-11D0-8D11-00A0C91BC942}") = "AddVersion", "AddVersion\AddVersion.vcxproj", "{5D85033F-D022-48A6-AC55-A7CC06706C7E}"
EndProject
Global
	GlobalSection(SolutionConfigurationPlatforms) = preSolution
		Debug|ARM = Debug|ARM
		Debug|ARM64 = Debug|ARM64
		Debug|x64 = Debug|x64
		Debug|x86 = Debug|x86
		Release|ARM = Release|ARM
		Release|ARM64 = Release|ARM64
		Release|x64 = Release|x64
		Release|x86 = Release|x86
	EndGlobalSection
	GlobalSection(ProjectConfigurationPlatforms) = postSolution
		{8A4299DC-6D06-4AF8-B7D9-19F960253243}.Debug|ARM.ActiveCfg = Debug|Win32
		{8A4299DC-6D06-4AF8-B7D9-19F960253243}.Debug|ARM64.ActiveCfg = Debug|Win32
		{8A4299DC-6D06-4AF8-B7D9-19F960253243}.Debug|x64.ActiveCfg = Debug|x64
		{8A4299DC-6D06-4AF8-B7D9-19F960253243}.Debug|x64.Build.0 = Debug|x64
		{8A4299DC-6D06-4AF8-B7D9-19F960253243}.Debug|x86.ActiveCfg = Debug|Win32
		{8A4299DC-6D06-4AF8-B7D9-19F960253243}.Debug|x86.Build.0 = Debug|Win32
		{8A4299DC-6D06-4AF8-B7D9-19F960253243}.Release|ARM.ActiveCfg = Release|Win32
		{8A4299DC-6D06-4AF8-B7D9-19F960253243}.Release|ARM64.ActiveCfg = Release|Win32
		{8A4299DC-6D06-4AF8-B7D9-19F960253243}.Release|x64.ActiveCfg = Release|x64
		{8A4299DC-6D06-4AF8-B7D9-19F960253243}.Release|x64.Build.0 = Release|x64
		{8A4299DC-6D06-4AF8-B7D9-19F960253243}.Release|x86.ActiveCfg = Release|Win32
		{8A4299DC-6D06-4AF8-B7D9-19F960253243}.Release|x86.Build.0 = Release|Win32
		{583AC1EF-D4A4-4B79-8653-B6C3858DCA99}.Debug|ARM.ActiveCfg = Debug|Win32
		{583AC1EF-D4A4-4B79-8653-B6C3858DCA99}.Debug|ARM64.ActiveCfg = Debug|Win32
		{583AC1EF-D4A4-4B79-8653-B6C3858DCA99}.Debug|x64.ActiveCfg = Debug|x64
		{583AC1EF-D4A4-4B79-8653-B6C3858DCA99}.Debug|x64.Build.0 = Debug|x64
		{583AC1EF-D4A4-4B79-8653-B6C3858DCA99}.Debug|x86.ActiveCfg = Debug|Win32
		{583AC1EF-D4A4-4B79-8653-B6C3858DCA99}.Debug|x86.Build.0 = Debug|Win32
		{583AC1EF-D4A4-4B79-8653-B6C3858DCA99}.Release|ARM.ActiveCfg = Release|Win32
		{583AC1EF-D4A4-4B79-8653-B6C3858DCA99}.Release|ARM64.ActiveCfg = Release|Win32
		{583AC1EF-D4A4-4B79-8653-B6C3858DCA99}.Release|x64.ActiveCfg = Release|x64
		{583AC1EF-D4A4-4B79-8653-B6C3858DCA99}.Release|x64.Build.0 = Release|x64
		{583AC1EF-D4A4-4B79-8653-B6C3858DCA99}.Release|x86.ActiveCfg = Release|Win32
		{583AC1EF-D4A4-4B79-8653-B6C3858DCA99}.Release|x86.Build.0 = Release|Win32
		{77D651F8-2DEE-491C-9FD4-197C7E14D4D3}.Debug|ARM.ActiveCfg = Debug|Win32
		{77D651F8-2DEE-491C-9FD4-197C7E14D4D3}.Debug|ARM64.ActiveCfg = Debug|Win32
		{77D651F8-2DEE-491C-9FD4-197C7E14D4D3}.Debug|x64.ActiveCfg = Debug|x64
		{77D651F8-2DEE-491C-9FD4-197C7E14D4D3}.Debug|x64.Build.0 = Debug|x64
		{77D651F8-2DEE-491C-9FD4-197C7E14D4D3}.Debug|x86.ActiveCfg = Debug|Win32
		{77D651F8-2DEE-491C-9FD4-197C7E14D4D3}.Debug|x86.Build.0 = Debug|Win32
		{77D651F8-2DEE-491C-9FD4-197C7E14D4D3}.Release|ARM.ActiveCfg = Release|Win32
		{77D651F8-2DEE-491C-9FD4-197C7E14D4D3}.Release|ARM64.ActiveCfg = Release|Win32
		{77D651F8-2DEE-491C-9FD4-197C7E14D4D3}.Release|x64.ActiveCfg = Release|x64
		{77D651F8-2DEE-491C-9FD4-197C7E14D4D3}.Release|x64.Build.0 = Release|x64
		{77D651F8-2DEE-491C-9FD4-197C7E14D4D3}.Release|x86.ActiveCfg = Release|Win32
		{77D651F8-2DEE-491C-9FD4-197C7E14D4D3}.Release|x86.Build.0 = Release|Win32
		{D4A6C034-DE0B-4B53-B9EF-828AE72C1AB3}.Debug|ARM.ActiveCfg = Debug|Win32
		{D4A6C034-DE0B-4B53-B9EF-828AE72C1AB3}.Debug|ARM64.ActiveCfg = Debug|Win32
		{D4A6C034-DE0B-4B53-B9EF-828AE72C1AB3}.Debug|x64.ActiveCfg = Debug|x64
		{D4A6C034-DE0B-4B53-B9EF-828AE72C1AB3}.Debug|x64.Build.0 = Debug|x64
		{D4A6C034-DE0B-4B53-B9EF-828AE72C1AB3}.Debug|x86.ActiveCfg = Debug|Win32
		{D4A6C034-DE0B-4B53-B9EF-828AE72C1AB3}.Debug|x86.Build.0 = Debug|Win32
		{D4A6C034-DE0B-4B53-B9EF-828AE72C1AB3}.Release|ARM.ActiveCfg = Release|Win32
		{D4A6C034-DE0B-4B53-B9EF-828AE72C1AB3}.Release|ARM64.ActiveCfg = Release|Win32
		{D4A6C034-DE0B-4B53-B9EF-828AE72C1AB3}.Release|x64.ActiveCfg = Release|x64
		{D4A6C034-DE0B-4B53-B9EF-828AE72C1AB3}.Release|x64.Build.0 = Release|x64
		{D4A6C034-DE0B-4B53-B9EF-828AE72C1AB3}.Release|x86.ActiveCfg = Release|Win32
		{D4A6C034-DE0B-4B53-B9EF-828AE72C1AB3}.Release|x86.Build.0 = Release|Win32
		{BB0F8330-CD67-4426-B117-D44A29AEC7D6}.Debug|ARM.ActiveCfg = Debug|Win32
		{BB0F8330-CD67-4426-B117-D44A29AEC7D6}.Debug|ARM64.ActiveCfg = Debug|Win32
		{BB0F8330-CD67-4426-B117-D44A29AEC7D6}.Debug|x64.ActiveCfg = Debug|x64
		{BB0F8330-CD67-4426-B117-D44A29AEC7D6}.Debug|x64.Build.0 = Debug|x64
		{BB0F8330-CD67-4426-B117-D44A29AEC7D6}.Debug|x86.ActiveCfg = Debug|Win32
		{BB0F8330-CD67-4426-B117-D44A29AEC7D6}.Debug|x86.Build.0 = Debug|Win32
		{BB0F8330-CD67-4426-B117-D44A29AEC7D6}.Release|ARM.ActiveCfg = Release|Win32
		{BB0F8330-CD67-4426-B117-D44A29AEC7D6}.Release|ARM64.ActiveCfg = Release|Win32
		{BB0F8330-CD67-4426-B117-D44A29AEC7D6}.Release|x64.ActiveCfg = Release|x64
		{BB0F8330-CD67-4426-B117-D44A29AEC7D6}.Release|x64.Build.0 = Release|x64
		{BB0F8330-CD67-4426-B117-D44A29AEC7D6}.Release|x86.ActiveCfg = Release|Win32
		{BB0F8330-CD67-4426-B117-D44A29AEC7D6}.Release|x86.Build.0 = Release|Win32
		{C45A86C7-3AD2-4D11-B663-E250215624FE}.Debug|ARM.ActiveCfg = Debug|Win32
		{C45A86C7-3AD2-4D11-B663-E250215624FE}.Debug|ARM64.ActiveCfg = Debug|Win32
		{C45A86C7-3AD2-4D11-B663-E250215624FE}.Debug|x64.ActiveCfg = Debug|x64
		{C45A86C7-3AD2-4D11-B663-E250215624FE}.Debug|x64.Build.0 = Debug|x64
		{C45A86C7-3AD2-4D11-B663-E250215624FE}.Debug|x86.ActiveCfg = Debug|Win32
		{C45A86C7-3AD2-4D11-B663-E250215624FE}.Debug|x86.Build.0 = Debug|Win32
		{C45A86C7-3AD2-4D11-B663-E250215624FE}.Release|ARM.ActiveCfg = Release|Win32
		{C45A86C7-3AD2-4D11-B663-E250215624FE}.Release|ARM64.ActiveCfg = Release|Win32
		{C45A86C7-3AD2-4D11-B663-E250215624FE}.Release|x64.ActiveCfg = Release|x64
		{C45A86C7-3AD2-4D11-B663-E250215624FE}.Release|x64.Build.0 = Release|x64
		{C45A86C7-3AD2-4D11-B663-E250215624FE}.Release|x86.ActiveCfg = Release|Win32
		{C45A86C7-3AD2-4D11-B663-E250215624FE}.Release|x86.Build.0 = Release|Win32
		{62045AD1-A739-4D59-80CC-EC66D00E2077}.Debug|ARM.ActiveCfg = Debug|Win32
		{62045AD1-A739-4D59-80CC-EC66D00E2077}.Debug|ARM64.ActiveCfg = Debug|Win32
		{62045AD1-A739-4D59-80CC-EC66D00E2077}.Debug|x64.ActiveCfg = Debug|x64
		{62045AD1-A739-4D59-80CC-EC66D00E2077}.Debug|x64.Build.0 = Debug|x64
		{62045AD1-A739-4D59-80CC-EC66D00E2077}.Debug|x86.ActiveCfg = Debug|Win32
		{62045AD1-A739-4D59-80CC-EC66D00E2077}.Debug|x86.Build.0 = Debug|Win32
		{62045AD1-A739-4D59-80CC-EC66D00E2077}.Release|ARM.ActiveCfg = Release|Win32
		{62045AD1-A739-4D59-80CC-EC66D00E2077}.Release|ARM64.ActiveCfg = Release|Win32
		{62045AD1-A739-4D59-80CC-EC66D00E2077}.Release|x64.ActiveCfg = Release|x64
		{62045AD1-A739-4D59-80CC-EC66D00E2077}.Release|x64.Build.0 = Release|x64
		{62045AD1-A739-4D59-80CC-EC66D00E2077}.Release|x86.ActiveCfg = Release|Win32
		{62045AD1-A739-4D59-80CC-EC66D00E2077}.Release|x86.Build.0 = Release|Win32
		{1C2FAD0C-D5F4-4775-A432-DAEB469D2056}.Debug|ARM.ActiveCfg = Debug|Win32
		{1C2FAD0C-D5F4-4775-A432-DAEB469D2056}.Debug|ARM64.ActiveCfg = Debug|Win32
		{1C2FAD0C-D5F4-4775-A432-DAEB469D2056}.Debug|x64.ActiveCfg = Debug|x64
		{1C2FAD0C-D5F4-4775-A432-DAEB469D2056}.Debug|x64.Build.0 = Debug|x64
		{1C2FAD0C-D5F4-4775-A432-DAEB469D2056}.Debug|x86.ActiveCfg = Debug|Win32
		{1C2FAD0C-D5F4-4775-A432-DAEB469D2056}.Debug|x86.Build.0 = Debug|Win32
		{1C2FAD0C-D5F4-4775-A432-DAEB469D2056}.Release|ARM.ActiveCfg = Release|Win32
		{1C2FAD0C-D5F4-4775-A432-DAEB469D2056}.Release|ARM64.ActiveCfg = Release|Win32
		{1C2FAD0C-D5F4-4775-A432-DAEB469D2056}.Release|x64.ActiveCfg = Release|x64
		{1C2FAD0C-D5F4-4775-A432-DAEB469D2056}.Release|x64.Build.0 = Release|x64
		{1C2FAD0C-D5F4-4775-A432-DAEB469D2056}.Release|x86.ActiveCfg = Release|Win32
		{1C2FAD0C-D5F4-4775-A432-DAEB469D2056}.Release|x86.Build.0 = Release|Win32
		{4EC7FEB6-D9EE-4FD2-8CD9-7634BD8C448D}.Debug|ARM.ActiveCfg = Debug|Win32
		{4EC7FEB6-D9EE-4FD2-8CD9-7634BD8C448D}.Debug|ARM64.ActiveCfg = Debug|Win32
		{4EC7FEB6-D9EE-4FD2-8CD9-7634BD8C448D}.Debug|x64.ActiveCfg = Debug|x64
		{4EC7FEB6-D9EE-4FD2-8CD9-7634BD8C448D}.Debug|x64.Build.0 = Debug|x64
		{4EC7FEB6-D9EE-4FD2-8CD9-7634BD8C448D}.Debug|x86.ActiveCfg = Debug|Win32
		{4EC7FEB6-D9EE-4FD2-8CD9-7634BD8C448D}.Debug|x86.Build.0 = Debug|Win32
		{4EC7FEB6-D9EE-4FD2-8CD9-7634BD8C448D}.Release|ARM.ActiveCfg = Release|Win32
		{4EC7FEB6-D9EE-4FD2-8CD9-7634BD8C448D}.Release|ARM64.ActiveCfg = Release|Win32
		{4EC7FEB6-D9EE-4FD2-8CD9-7634BD8C448D}.Release|x64.ActiveCfg = Release|x64
		{4EC7FEB6-D9EE-4FD2-8CD9-7634BD8C448D}.Release|x64.Build.0 = Release|x64
		{4EC7FEB6-D9EE-4FD2-8CD9-7634BD8C448D}.Release|x86.ActiveCfg = Release|Win32
		{4EC7FEB6-D9EE-4FD2-8CD9-7634BD8C448D}.Release|x86.Build.0 = Release|Win32
		{B12702AD-ABFB-343A-A199-8E24837244A3}.Debug|ARM.ActiveCfg = Debug|Win32
		{B12702AD-ABFB-343A-A199-8E24837244A3}.Debug|ARM64.ActiveCfg = Debug|Win32
		{B12702AD-ABFB-343A-A199-8E24837244A3}.Debug|x64.ActiveCfg = Debug|Win32
		{B12702AD-ABFB-343A-A199-8E24837244A3}.Debug|x86.ActiveCfg = Debug|Win32
		{B12702AD-ABFB-343A-A199-8E24837244A3}.Debug|x86.Build.0 = Debug|Win32
		{B12702AD-ABFB-343A-A199-8E24837244A3}.Release|ARM.ActiveCfg = Release|Win32
		{B12702AD-ABFB-343A-A199-8E24837244A3}.Release|ARM64.ActiveCfg = Release|Win32
		{B12702AD-ABFB-343A-A199-8E24837244A3}.Release|x64.ActiveCfg = Release|Win32
		{B12702AD-ABFB-343A-A199-8E24837244A3}.Release|x86.ActiveCfg = Release|Win32
		{B12702AD-ABFB-343A-A199-8E24837244A3}.Release|x86.Build.0 = Release|Win32
		{B97ACA14-B7E6-4705-9271-4704591CF0B1}.Debug|ARM.ActiveCfg = Debug|Win32
		{B97ACA14-B7E6-4705-9271-4704591CF0B1}.Debug|ARM64.ActiveCfg = Debug|Win32
		{B97ACA14-B7E6-4705-9271-4704591CF0B1}.Debug|x64.ActiveCfg = Debug|x64
		{B97ACA14-B7E6-4705-9271-4704591CF0B1}.Debug|x64.Build.0 = Debug|x64
		{B97ACA14-B7E6-4705-9271-4704591CF0B1}.Debug|x86.ActiveCfg = Debug|Win32
		{B97ACA14-B7E6-4705-9271-4704591CF0B1}.Debug|x86.Build.0 = Debug|Win32
		{B97ACA14-B7E6-4705-9271-4704591CF0B1}.Release|ARM.ActiveCfg = Release|Win32
		{B97ACA14-B7E6-4705-9271-4704591CF0B1}.Release|ARM64.ActiveCfg = Release|Win32
		{B97ACA14-B7E6-4705-9271-4704591CF0B1}.Release|x64.ActiveCfg = Release|x64
		{B97ACA14-B7E6-4705-9271-4704591CF0B1}.Release|x64.Build.0 = Release|x64
		{B97ACA14-B7E6-4705-9271-4704591CF0B1}.Release|x86.ActiveCfg = Release|Win32
		{B97ACA14-B7E6-4705-9271-4704591CF0B1}.Release|x86.Build.0 = Release|Win32
		{5D85033F-D022-48A6-AC55-A7CC06706C7E}.Debug|ARM.ActiveCfg = Debug|Win32
		{5D85033F-D022-48A6-AC55-A7CC06706C7E}.Debug|ARM64.ActiveCfg = Debug|Win32
		{5D85033F-D022-48A6-AC55-A7CC06706C7E}.Debug|x64.ActiveCfg = Debug|Win32
		{5D85033F-D022-48A6-AC55-A7CC06706C7E}.Debug|x86.ActiveCfg = Debug|Win32
		{5D85033F-D022-48A6-AC55-A7CC06706C7E}.Debug|x86.Build.0 = Debug|Win32
		{5D85033F-D022-48A6-AC55-A7CC06706C7E}.Release|ARM.ActiveCfg = Release|Win32
		{5D85033F-D022-48A6-AC55-A7CC06706C7E}.Release|ARM64.ActiveCfg = Release|Win32
		{5D85033F-D022-48A6-AC55-A7CC06706C7E}.Release|x64.ActiveCfg = Release|Win32
		{5D85033F-D022-48A6-AC55-A7CC06706C7E}.Release|x86.ActiveCfg = Release|Win32
		{5D85033F-D022-48A6-AC55-A7CC06706C7E}.Release|x86.Build.0 = Release|Win32
	EndGlobalSection
	GlobalSection(SolutionProperties) = preSolution
		HideSolutionNode = FALSE
	EndGlobalSection
	GlobalSection(ExtensibilityGlobals) = postSolution
		SolutionGuid = {0EB39181-C2C0-444B-8D1B-CBED3409C119}
	EndGlobalSection
EndGlobal
